// !$*UTF8*$!
{
	archiveVersion = 1;
	classes = {
	};
	objectVersion = 77;
	objects = {

/* Begin PBXBuildFile section */
		8BBFEF082F9874AE00E8E144 /* DomainDigCLI.swift in Sources */ = {isa = PBXBuildFile; fileRef = 8BBFEF022F9874AE00E8E144 /* DomainDigCLI.swift */; };
		8BBFEF092F9874AE00E8E144 /* DomainInspectionService.swift in Sources */ = {isa = PBXBuildFile; fileRef = 8BBFEF032F9874AE00E8E144 /* DomainInspectionService.swift */; };
		8BBFEF0A2F9874AE00E8E144 /* DomainReportBuilder.swift in Sources */ = {isa = PBXBuildFile; fileRef = 8BBFEF042F9874AE00E8E144 /* DomainReportBuilder.swift */; };
		8BBFEF0B2F9874AE00E8E144 /* DomainReportExporter.swift in Sources */ = {isa = PBXBuildFile; fileRef = 8BBFEF052F9874AE00E8E144 /* DomainReportExporter.swift */; };
		8BBFEF0C2F9874AE00E8E144 /* LookupSnapshot.swift in Sources */ = {isa = PBXBuildFile; fileRef = 8BBFEF062F9874AE00E8E144 /* LookupSnapshot.swift */; };
		8BBFEFCA2F987E8700E8E144 /* DomainInspectionService.swift in Sources */ = {isa = PBXBuildFile; fileRef = 8BBFEF032F9874AE00E8E144 /* DomainInspectionService.swift */; };
		8BBFEFCB2F987E8700E8E144 /* DomainReportBuilder.swift in Sources */ = {isa = PBXBuildFile; fileRef = 8BBFEF042F9874AE00E8E144 /* DomainReportBuilder.swift */; };
		8BBFEFCC2F987E8700E8E144 /* DomainReportExporter.swift in Sources */ = {isa = PBXBuildFile; fileRef = 8BBFEF052F9874AE00E8E144 /* DomainReportExporter.swift */; };
		8BBFEFCD2F987E8700E8E144 /* LookupSnapshot.swift in Sources */ = {isa = PBXBuildFile; fileRef = 8BBFEF062F9874AE00E8E144 /* LookupSnapshot.swift */; };
		8BCA3CBE2F9C8D57004B742C /* LocalAPIModels.swift in Sources */ = {isa = PBXBuildFile; fileRef = 8BCA3CBC2F9C8D57004B742C /* LocalAPIModels.swift */; };
		8BCA3CBF2F9C8D57004B742C /* LocalAPIService.swift in Sources */ = {isa = PBXBuildFile; fileRef = 8BCA3CBD2F9C8D57004B742C /* LocalAPIService.swift */; };
		8BCA3CC02F9C8D57004B742C /* LocalAPIModels.swift in Sources */ = {isa = PBXBuildFile; fileRef = 8BCA3CBC2F9C8D57004B742C /* LocalAPIModels.swift */; };
		8BCA3CC12F9C8D57004B742C /* LocalAPIService.swift in Sources */ = {isa = PBXBuildFile; fileRef = 8BCA3CBD2F9C8D57004B742C /* LocalAPIService.swift */; };
		8BF9DA862F9B13FB00EF41D5 /* DomainDataPortabilityService.swift in Sources */ = {isa = PBXBuildFile; fileRef = 8BF9DA842F9B13FB00EF41D5 /* DomainDataPortabilityService.swift */; };
		8BF9DA872F9B13FB00EF41D5 /* DomainDataPortabilityService.swift in Sources */ = {isa = PBXBuildFile; fileRef = 8BF9DA842F9B13FB00EF41D5 /* DomainDataPortabilityService.swift */; };
/* End PBXBuildFile section */

/* Begin PBXFileReference section */
		8B7800692F6090E300933221 /* DomainDig.app */ = {isa = PBXFileReference; explicitFileType = wrapper.application; includeInIndex = 0; path = DomainDig.app; sourceTree = BUILT_PRODUCTS_DIR; };
		8BBFEF022F9874AE00E8E144 /* DomainDigCLI.swift */ = {isa = PBXFileReference; lastKnownFileType = sourcecode.swift; path = DomainDigCLI.swift; sourceTree = "<group>"; };
		8BBFEF032F9874AE00E8E144 /* DomainInspectionService.swift */ = {isa = PBXFileReference; lastKnownFileType = sourcecode.swift; path = DomainInspectionService.swift; sourceTree = "<group>"; };
		8BBFEF042F9874AE00E8E144 /* DomainReportBuilder.swift */ = {isa = PBXFileReference; lastKnownFileType = sourcecode.swift; path = DomainReportBuilder.swift; sourceTree = "<group>"; };
		8BBFEF052F9874AE00E8E144 /* DomainReportExporter.swift */ = {isa = PBXFileReference; lastKnownFileType = sourcecode.swift; path = DomainReportExporter.swift; sourceTree = "<group>"; };
		8BBFEF062F9874AE00E8E144 /* LookupSnapshot.swift */ = {isa = PBXFileReference; lastKnownFileType = sourcecode.swift; path = LookupSnapshot.swift; sourceTree = "<group>"; };
		8BCA3CBC2F9C8D57004B742C /* LocalAPIModels.swift */ = {isa = PBXFileReference; lastKnownFileType = sourcecode.swift; path = LocalAPIModels.swift; sourceTree = "<group>"; };
		8BCA3CBD2F9C8D57004B742C /* LocalAPIService.swift */ = {isa = PBXFileReference; lastKnownFileType = sourcecode.swift; path = LocalAPIService.swift; sourceTree = "<group>"; };
		8BF124F92F70000100933221 /* domaindig */ = {isa = PBXFileReference; explicitFileType = "compiled.mach-o.executable"; includeInIndex = 0; path = domaindig; sourceTree = BUILT_PRODUCTS_DIR; };
		8BF9DA842F9B13FB00EF41D5 /* DomainDataPortabilityService.swift */ = {isa = PBXFileReference; lastKnownFileType = sourcecode.swift; path = DomainDataPortabilityService.swift; sourceTree = "<group>"; };
/* End PBXFileReference section */

/* Begin PBXFileSystemSynchronizedBuildFileExceptionSet section */
		8B1B506D2F666F64005C246F /* Exceptions for "DomainDig" folder in "DomainDig" target */ = {
			isa = PBXFileSystemSynchronizedBuildFileExceptionSet;
			membershipExceptions = (
				DomainDigCLI.swift,
				Info.plist,
			);
			target = 8B7800682F6090E300933221 /* DomainDig */;
		};
		8BF124FA2F70000100933221 /* Exceptions for "DomainDig" folder in "DomainDigCLI" target */ = {
			isa = PBXFileSystemSynchronizedBuildFileExceptionSet;
			membershipExceptions = (
				BatchResultsView.swift,
				BatchSweepSummaryView.swift,
				ContentView.swift,
				DomainDigApp.swift,
				DomainViewModel.swift,
				ExportPresenter.swift,
				HistoryView.swift,
				LocalNotificationService.swift,
				SavedDomainsView.swift,
				WatchlistView.swift,
			);
			target = 8BF124FB2F70000100933221 /* DomainDigCLI */;
		};
/* End PBXFileSystemSynchronizedBuildFileExceptionSet section */

/* Begin PBXFileSystemSynchronizedRootGroup section */
		8B78006B2F6090E300933221 /* DomainDig */ = {
			isa = PBXFileSystemSynchronizedRootGroup;
			exceptions = (
				8B1B506D2F666F64005C246F /* Exceptions for "DomainDig" folder in "DomainDig" target */,
				8BF124FA2F70000100933221 /* Exceptions for "DomainDig" folder in "DomainDigCLI" target */,
			);
			path = DomainDig;
			sourceTree = "<group>";
		};
/* End PBXFileSystemSynchronizedRootGroup section */

/* Begin PBXFrameworksBuildPhase section */
		8B7800662F6090E300933221 /* Frameworks */ = {
			isa = PBXFrameworksBuildPhase;
			buildActionMask = 2147483647;
			files = (
			);
			runOnlyForDeploymentPostprocessing = 0;
		};
		8BF124FD2F70000100933221 /* Frameworks */ = {
			isa = PBXFrameworksBuildPhase;
			buildActionMask = 2147483647;
			files = (
			);
			runOnlyForDeploymentPostprocessing = 0;
		};
/* End PBXFrameworksBuildPhase section */

/* Begin PBXGroup section */
		8B7800602F6090E300933221 = {
			isa = PBXGroup;
			children = (
				8B78006B2F6090E300933221 /* DomainDig */,
				8B78006A2F6090E300933221 /* Products */,
				8BBFEF062F9874AE00E8E144 /* LookupSnapshot.swift */,
				8BBFEF042F9874AE00E8E144 /* DomainReportBuilder.swift */,
				8BBFEF032F9874AE00E8E144 /* DomainInspectionService.swift */,
				8BBFEF052F9874AE00E8E144 /* DomainReportExporter.swift */,
				8BBFEF022F9874AE00E8E144 /* DomainDigCLI.swift */,
				8BF9DA842F9B13FB00EF41D5 /* DomainDataPortabilityService.swift */,
				8BCA3CBC2F9C8D57004B742C /* LocalAPIModels.swift */,
				8BCA3CBD2F9C8D57004B742C /* LocalAPIService.swift */,
			);
			sourceTree = "<group>";
		};
		8B78006A2F6090E300933221 /* Products */ = {
			isa = PBXGroup;
			children = (
				8B7800692F6090E300933221 /* DomainDig.app */,
				8BF124F92F70000100933221 /* domaindig */,
			);
			name = Products;
			sourceTree = "<group>";
		};
/* End PBXGroup section */

/* Begin PBXNativeTarget section */
		8B7800682F6090E300933221 /* DomainDig */ = {
			isa = PBXNativeTarget;
			buildConfigurationList = 8B7800742F6090E400933221 /* Build configuration list for PBXNativeTarget "DomainDig" */;
			buildPhases = (
				8B7800652F6090E300933221 /* Sources */,
				8B7800662F6090E300933221 /* Frameworks */,
				8B7800672F6090E300933221 /* Resources */,
			);
			buildRules = (
			);
			dependencies = (
			);
			fileSystemSynchronizedGroups = (
				8B78006B2F6090E300933221 /* DomainDig */,
			);
			name = DomainDig;
			packageProductDependencies = (
			);
			productName = DomainDig;
			productReference = 8B7800692F6090E300933221 /* DomainDig.app */;
			productType = "com.apple.product-type.application";
		};
		8BF124FB2F70000100933221 /* DomainDigCLI */ = {
			isa = PBXNativeTarget;
			buildConfigurationList = 8BBFF0292F987EF700E8E144 /* Build configuration list for PBXNativeTarget "DomainDigCLI" */;
			buildPhases = (
				8BF124FC2F70000100933221 /* Sources */,
				8BF124FD2F70000100933221 /* Frameworks */,
			);
			buildRules = (
			);
			dependencies = (
			);
			fileSystemSynchronizedGroups = (
				8B78006B2F6090E300933221 /* DomainDig */,
			);
			name = DomainDigCLI;
			packageProductDependencies = (
			);
			productName = domaindig;
			productReference = 8BF124F92F70000100933221 /* domaindig */;
			productType = "com.apple.product-type.tool";
		};
/* End PBXNativeTarget section */

/* Begin PBXProject section */
		8B7800612F6090E300933221 /* Project object */ = {
			isa = PBXProject;
			attributes = {
				BuildIndependentTargetsInParallel = 1;
				LastSwiftUpdateCheck = 2630;
				LastUpgradeCheck = 2640;
				TargetAttributes = {
					8B7800682F6090E300933221 = {
						CreatedOnToolsVersion = 26.3;
						SystemCapabilities = {
							com.apple.iCloud = {
								enabled = 1;
							};
						};
					};
				};
			};
			buildConfigurationList = 8B7800642F6090E300933221 /* Build configuration list for PBXProject "DomainDig" */;
			developmentRegion = en;
			hasScannedForEncodings = 0;
			knownRegions = (
				en,
				Base,
			);
			mainGroup = 8B7800602F6090E300933221;
			minimizedProjectReferenceProxies = 1;
			preferredProjectObjectVersion = 77;
			productRefGroup = 8B78006A2F6090E300933221 /* Products */;
			projectDirPath = "";
			projectRoot = "";
			targets = (
				8B7800682F6090E300933221 /* DomainDig */,
				8BF124FB2F70000100933221 /* DomainDigCLI */,
			);
		};
/* End PBXProject section */

/* Begin PBXResourcesBuildPhase section */
		8B7800672F6090E300933221 /* Resources */ = {
			isa = PBXResourcesBuildPhase;
			buildActionMask = 2147483647;
			files = (
			);
			runOnlyForDeploymentPostprocessing = 0;
		};
/* End PBXResourcesBuildPhase section */

/* Begin PBXSourcesBuildPhase section */
		8B7800652F6090E300933221 /* Sources */ = {
			isa = PBXSourcesBuildPhase;
			buildActionMask = 2147483647;
			files = (
				8BCA3CC02F9C8D57004B742C /* LocalAPIModels.swift in Sources */,
				8BCA3CC12F9C8D57004B742C /* LocalAPIService.swift in Sources */,
				8BBFEF092F9874AE00E8E144 /* DomainInspectionService.swift in Sources */,
				8BBFEF0A2F9874AE00E8E144 /* DomainReportBuilder.swift in Sources */,
				8BBFEF0B2F9874AE00E8E144 /* DomainReportExporter.swift in Sources */,
				8BF9DA872F9B13FB00EF41D5 /* DomainDataPortabilityService.swift in Sources */,
				8BBFEF0C2F9874AE00E8E144 /* LookupSnapshot.swift in Sources */,
			);
			runOnlyForDeploymentPostprocessing = 0;
		};
		8BF124FC2F70000100933221 /* Sources */ = {
			isa = PBXSourcesBuildPhase;
			buildActionMask = 2147483647;
			files = (
				8BBFEF082F9874AE00E8E144 /* DomainDigCLI.swift in Sources */,
				8BF9DA862F9B13FB00EF41D5 /* DomainDataPortabilityService.swift in Sources */,
				8BBFEFCA2F987E8700E8E144 /* DomainInspectionService.swift in Sources */,
				8BBFEFCB2F987E8700E8E144 /* DomainReportBuilder.swift in Sources */,
				8BBFEFCC2F987E8700E8E144 /* DomainReportExporter.swift in Sources */,
				8BBFEFCD2F987E8700E8E144 /* LookupSnapshot.swift in Sources */,
				8BCA3CBE2F9C8D57004B742C /* LocalAPIModels.swift in Sources */,
				8BCA3CBF2F9C8D57004B742C /* LocalAPIService.swift in Sources */,
			);
			runOnlyForDeploymentPostprocessing = 0;
		};
/* End PBXSourcesBuildPhase section */

/* Begin XCBuildConfiguration section */
		8B7800722F6090E400933221 /* Debug */ = {
			isa = XCBuildConfiguration;
			buildSettings = {
				ALWAYS_SEARCH_USER_PATHS = NO;
				ASSETCATALOG_COMPILER_GENERATE_SWIFT_ASSET_SYMBOL_EXTENSIONS = YES;
				CLANG_ANALYZER_NONNULL = YES;
				CLANG_ANALYZER_NUMBER_OBJECT_CONVERSION = YES_AGGRESSIVE;
				CLANG_CXX_LANGUAGE_STANDARD = "gnu++20";
				CLANG_ENABLE_MODULES = YES;
				CLANG_ENABLE_OBJC_ARC = YES;
				CLANG_ENABLE_OBJC_WEAK = YES;
				CLANG_WARN_BLOCK_CAPTURE_AUTORELEASING = YES;
				CLANG_WARN_BOOL_CONVERSION = YES;
				CLANG_WARN_COMMA = YES;
				CLANG_WARN_CONSTANT_CONVERSION = YES;
				CLANG_WARN_DEPRECATED_OBJC_IMPLEMENTATIONS = YES;
				CLANG_WARN_DIRECT_OBJC_ISA_USAGE = YES_ERROR;
				CLANG_WARN_DOCUMENTATION_COMMENTS = YES;
				CLANG_WARN_EMPTY_BODY = YES;
				CLANG_WARN_ENUM_CONVERSION = YES;
				CLANG_WARN_INFINITE_RECURSION = YES;
				CLANG_WARN_INT_CONVERSION = YES;
				CLANG_WARN_NON_LITERAL_NULL_CONVERSION = YES;
				CLANG_WARN_OBJC_IMPLICIT_RETAIN_SELF = YES;
				CLANG_WARN_OBJC_LITERAL_CONVERSION = YES;
				CLANG_WARN_OBJC_ROOT_CLASS = YES_ERROR;
				CLANG_WARN_QUOTED_INCLUDE_IN_FRAMEWORK_HEADER = YES;
				CLANG_WARN_RANGE_LOOP_ANALYSIS = YES;
				CLANG_WARN_STRICT_PROTOTYPES = YES;
				CLANG_WARN_SUSPICIOUS_MOVE = YES;
				CLANG_WARN_UNGUARDED_AVAILABILITY = YES_AGGRESSIVE;
				CLANG_WARN_UNREACHABLE_CODE = YES;
				CLANG_WARN__DUPLICATE_METHOD_MATCH = YES;
				COPY_PHASE_STRIP = NO;
				DEBUG_INFORMATION_FORMAT = dwarf;
				DEVELOPMENT_TEAM = ZCNAX3VL9D;
				ENABLE_STRICT_OBJC_MSGSEND = YES;
				ENABLE_TESTABILITY = YES;
				ENABLE_USER_SCRIPT_SANDBOXING = YES;
				GCC_C_LANGUAGE_STANDARD = gnu17;
				GCC_DYNAMIC_NO_PIC = NO;
				GCC_NO_COMMON_BLOCKS = YES;
				GCC_OPTIMIZATION_LEVEL = 0;
				GCC_PREPROCESSOR_DEFINITIONS = (
					"DEBUG=1",
					"$(inherited)",
				);
				GCC_WARN_64_TO_32_BIT_CONVERSION = YES;
				GCC_WARN_ABOUT_RETURN_TYPE = YES_ERROR;
				GCC_WARN_UNDECLARED_SELECTOR = YES;
				GCC_WARN_UNINITIALIZED_AUTOS = YES_AGGRESSIVE;
				GCC_WARN_UNUSED_FUNCTION = YES;
				GCC_WARN_UNUSED_VARIABLE = YES;
				IPHONEOS_DEPLOYMENT_TARGET = 26.2;
				LOCALIZATION_PREFERS_STRING_CATALOGS = YES;
				MTL_ENABLE_DEBUG_INFO = INCLUDE_SOURCE;
				MTL_FAST_MATH = YES;
				ONLY_ACTIVE_ARCH = YES;
				SDKROOT = iphoneos;
				STRING_CATALOG_GENERATE_SYMBOLS = YES;
				SWIFT_ACTIVE_COMPILATION_CONDITIONS = "DEBUG $(inherited)";
				SWIFT_OPTIMIZATION_LEVEL = "-Onone";
			};
			name = Debug;
		};
		8B7800732F6090E400933221 /* Release */ = {
			isa = XCBuildConfiguration;
			buildSettings = {
				ALWAYS_SEARCH_USER_PATHS = NO;
				ASSETCATALOG_COMPILER_GENERATE_SWIFT_ASSET_SYMBOL_EXTENSIONS = YES;
				CLANG_ANALYZER_NONNULL = YES;
				CLANG_ANALYZER_NUMBER_OBJECT_CONVERSION = YES_AGGRESSIVE;
				CLANG_CXX_LANGUAGE_STANDARD = "gnu++20";
				CLANG_ENABLE_MODULES = YES;
				CLANG_ENABLE_OBJC_ARC = YES;
				CLANG_ENABLE_OBJC_WEAK = YES;
				CLANG_WARN_BLOCK_CAPTURE_AUTORELEASING = YES;
				CLANG_WARN_BOOL_CONVERSION = YES;
				CLANG_WARN_COMMA = YES;
				CLANG_WARN_CONSTANT_CONVERSION = YES;
				CLANG_WARN_DEPRECATED_OBJC_IMPLEMENTATIONS = YES;
				CLANG_WARN_DIRECT_OBJC_ISA_USAGE = YES_ERROR;
				CLANG_WARN_DOCUMENTATION_COMMENTS = YES;
				CLANG_WARN_EMPTY_BODY = YES;
				CLANG_WARN_ENUM_CONVERSION = YES;
				CLANG_WARN_INFINITE_RECURSION = YES;
				CLANG_WARN_INT_CONVERSION = YES;
				CLANG_WARN_NON_LITERAL_NULL_CONVERSION = YES;
				CLANG_WARN_OBJC_IMPLICIT_RETAIN_SELF = YES;
				CLANG_WARN_OBJC_LITERAL_CONVERSION = YES;
				CLANG_WARN_OBJC_ROOT_CLASS = YES_ERROR;
				CLANG_WARN_QUOTED_INCLUDE_IN_FRAMEWORK_HEADER = YES;
				CLANG_WARN_RANGE_LOOP_ANALYSIS = YES;
				CLANG_WARN_STRICT_PROTOTYPES = YES;
				CLANG_WARN_SUSPICIOUS_MOVE = YES;
				CLANG_WARN_UNGUARDED_AVAILABILITY = YES_AGGRESSIVE;
				CLANG_WARN_UNREACHABLE_CODE = YES;
				CLANG_WARN__DUPLICATE_METHOD_MATCH = YES;
				COPY_PHASE_STRIP = NO;
				DEBUG_INFORMATION_FORMAT = "dwarf-with-dsym";
				DEVELOPMENT_TEAM = ZCNAX3VL9D;
				ENABLE_NS_ASSERTIONS = NO;
				ENABLE_STRICT_OBJC_MSGSEND = YES;
				ENABLE_USER_SCRIPT_SANDBOXING = YES;
				GCC_C_LANGUAGE_STANDARD = gnu17;
				GCC_NO_COMMON_BLOCKS = YES;
				GCC_WARN_64_TO_32_BIT_CONVERSION = YES;
				GCC_WARN_ABOUT_RETURN_TYPE = YES_ERROR;
				GCC_WARN_UNDECLARED_SELECTOR = YES;
				GCC_WARN_UNINITIALIZED_AUTOS = YES_AGGRESSIVE;
				GCC_WARN_UNUSED_FUNCTION = YES;
				GCC_WARN_UNUSED_VARIABLE = YES;
				IPHONEOS_DEPLOYMENT_TARGET = 26.2;
				LOCALIZATION_PREFERS_STRING_CATALOGS = YES;
				MTL_ENABLE_DEBUG_INFO = NO;
				MTL_FAST_MATH = YES;
				SDKROOT = iphoneos;
				STRING_CATALOG_GENERATE_SYMBOLS = YES;
				SWIFT_COMPILATION_MODE = wholemodule;
				VALIDATE_PRODUCT = YES;
			};
			name = Release;
		};
		8B7800752F6090E400933221 /* Debug */ = {
			isa = XCBuildConfiguration;
			buildSettings = {
				ASSETCATALOG_COMPILER_APPICON_NAME = AppIcon;
				ASSETCATALOG_COMPILER_GLOBAL_ACCENT_COLOR_NAME = AccentColor;
				CODE_SIGN_ENTITLEMENTS = DomainDig/DomainDig.entitlements;
				CODE_SIGN_STYLE = Automatic;
				CURRENT_PROJECT_VERSION = 34;
				DEVELOPMENT_TEAM = ZCNAX3VL9D;
				ENABLE_PREVIEWS = YES;
				GENERATE_INFOPLIST_FILE = YES;
				INFOPLIST_FILE = DomainDig/Info.plist;
				INFOPLIST_KEY_CFBundleDisplayName = "Domain Dig";
				INFOPLIST_KEY_LSApplicationCategoryType = "public.app-category.utilities";
				INFOPLIST_KEY_UIApplicationSceneManifest_Generation = YES;
				INFOPLIST_KEY_UIApplicationSupportsIndirectInputEvents = YES;
				INFOPLIST_KEY_UILaunchScreen_Generation = YES;
				INFOPLIST_KEY_UISupportedInterfaceOrientations_iPad = "UIInterfaceOrientationPortrait UIInterfaceOrientationPortraitUpsideDown UIInterfaceOrientationLandscapeLeft UIInterfaceOrientationLandscapeRight";
				INFOPLIST_KEY_UISupportedInterfaceOrientations_iPhone = "UIInterfaceOrientationPortrait UIInterfaceOrientationLandscapeLeft UIInterfaceOrientationLandscapeRight";
				IPHONEOS_DEPLOYMENT_TARGET = 17.6;
				LD_RUNPATH_SEARCH_PATHS = (
					"$(inherited)",
					"@executable_path/Frameworks",
				);
				MARKETING_VERSION = 4.2.0;
				PRODUCT_BUNDLE_IDENTIFIER = net.cleberg.DomainDig;
				PRODUCT_NAME = "$(TARGET_NAME)";
				STRING_CATALOG_GENERATE_SYMBOLS = YES;
				SWIFT_APPROACHABLE_CONCURRENCY = YES;
				SWIFT_DEFAULT_ACTOR_ISOLATION = MainActor;
				SWIFT_EMIT_LOC_STRINGS = YES;
				SWIFT_UPCOMING_FEATURE_MEMBER_IMPORT_VISIBILITY = YES;
				SWIFT_VERSION = 5.0;
				TARGETED_DEVICE_FAMILY = "1,2";
			};
			name = Debug;
		};
		8B7800762F6090E400933221 /* Release */ = {
			isa = XCBuildConfiguration;
			buildSettings = {
				ASSETCATALOG_COMPILER_APPICON_NAME = AppIcon;
				ASSETCATALOG_COMPILER_GLOBAL_ACCENT_COLOR_NAME = AccentColor;
				CODE_SIGN_ENTITLEMENTS = DomainDig/DomainDig.entitlements;
				CODE_SIGN_STYLE = Automatic;
				CURRENT_PROJECT_VERSION = 34;
				DEVELOPMENT_TEAM = ZCNAX3VL9D;
				ENABLE_PREVIEWS = YES;
				GENERATE_INFOPLIST_FILE = YES;
				INFOPLIST_FILE = DomainDig/Info.plist;
				INFOPLIST_KEY_CFBundleDisplayName = "Domain Dig";
				INFOPLIST_KEY_LSApplicationCategoryType = "public.app-category.utilities";
				INFOPLIST_KEY_UIApplicationSceneManifest_Generation = YES;
				INFOPLIST_KEY_UIApplicationSupportsIndirectInputEvents = YES;
				INFOPLIST_KEY_UILaunchScreen_Generation = YES;
				INFOPLIST_KEY_UISupportedInterfaceOrientations_iPad = "UIInterfaceOrientationPortrait UIInterfaceOrientationPortraitUpsideDown UIInterfaceOrientationLandscapeLeft UIInterfaceOrientationLandscapeRight";
				INFOPLIST_KEY_UISupportedInterfaceOrientations_iPhone = "UIInterfaceOrientationPortrait UIInterfaceOrientationLandscapeLeft UIInterfaceOrientationLandscapeRight";
				IPHONEOS_DEPLOYMENT_TARGET = 17.6;
				LD_RUNPATH_SEARCH_PATHS = (
					"$(inherited)",
					"@executable_path/Frameworks",
				);
				MARKETING_VERSION = 4.2.0;
				PRODUCT_BUNDLE_IDENTIFIER = net.cleberg.DomainDig;
				PRODUCT_NAME = "$(TARGET_NAME)";
				STRING_CATALOG_GENERATE_SYMBOLS = YES;
				SWIFT_APPROACHABLE_CONCURRENCY = YES;
				SWIFT_DEFAULT_ACTOR_ISOLATION = MainActor;
				SWIFT_EMIT_LOC_STRINGS = YES;
				SWIFT_UPCOMING_FEATURE_MEMBER_IMPORT_VISIBILITY = YES;
				SWIFT_VERSION = 5.0;
				TARGETED_DEVICE_FAMILY = "1,2";
			};
			name = Release;
		};
		8BBFF0272F987E8700E8E144 /* Debug */ = {
			isa = XCBuildConfiguration;
			buildSettings = {
				COPY_PHASE_STRIP = NO;
				GCC_DYNAMIC_NO_PIC = NO;
				GCC_OPTIMIZATION_LEVEL = 0;
				IPHONEOS_DEPLOYMENT_TARGET = 17.6;
				PRODUCT_NAME = domaindig;
			};
			name = Debug;
		};
		8BBFF0282F987E8700E8E144 /* Release */ = {
			isa = XCBuildConfiguration;
			buildSettings = {
				COPY_PHASE_STRIP = YES;
				DEBUG_INFORMATION_FORMAT = "dwarf-with-dsym";
				IPHONEOS_DEPLOYMENT_TARGET = 17.6;
				PRODUCT_NAME = domaindig;
			};
			name = Release;
		};
/* End XCBuildConfiguration section */

/* Begin XCConfigurationList section */
		8B7800642F6090E300933221 /* Build configuration list for PBXProject "DomainDig" */ = {
			isa = XCConfigurationList;
			buildConfigurations = (
				8B7800722F6090E400933221 /* Debug */,
				8B7800732F6090E400933221 /* Release */,
			);
			defaultConfigurationIsVisible = 0;
			defaultConfigurationName = Release;
		};
		8B7800742F6090E400933221 /* Build configuration list for PBXNativeTarget "DomainDig" */ = {
			isa = XCConfigurationList;
			buildConfigurations = (
				8B7800752F6090E400933221 /* Debug */,
				8B7800762F6090E400933221 /* Release */,
			);
			defaultConfigurationIsVisible = 0;
			defaultConfigurationName = Release;
		};
		8BBFF0292F987EF700E8E144 /* Build configuration list for PBXNativeTarget "DomainDigCLI" */ = {
			isa = XCConfigurationList;
			buildConfigurations = (
				8BBFF0272F987E8700E8E144 /* Debug */,
				8BBFF0282F987E8700E8E144 /* Release */,
			);
			defaultConfigurationIsVisible = 0;
			defaultConfigurationName = Release;
		};
/* End XCConfigurationList section */
	};
	rootObject = 8B7800612F6090E300933221 /* Project object */;
}
